
Microsoft Visual Studio Solution File, Format Version 12.00
# Visual Studio 15
Project("{FAE04EC0-301F-11D3-BF4B-00C04F79EFBC}") = "Assembly-CSharp", "Assembly-CSharp.csproj", "{4DB945DA-9186-4F45-66E1-FD0523B0F8CD}"
EndProject
Project("{FAE04EC0-301F-11D3-BF4B-00C04F79EFBC}") = "Assembly-CSharp-firstpass", "Assembly-CSharp-firstpass.csproj", "{028D7C6E-33A7-F610-C6BF-812E0EE849C9}"
EndProject
Project("{FAE04EC0-301F-11D3-BF4B-00C04F79EFBC}") = "Assembly-CSharp-Editor-firstpass", "Assembly-CSharp-Editor-firstpass.csproj", "{A5DA5ECD-7578-AA83-6770-EA2896A880B8}"
EndProject
Global
	GlobalSection(SolutionConfigurationPlatforms) = preSolution
		Debug|Any CPU = Debug|Any CPU
		Release|Any CPU = Release|Any CPU
	EndGlobalSection
	GlobalSection(ProjectConfigurationPlatforms) = postSolution
		{4DB945DA-9186-4F45-66E1-FD0523B0F8CD}.Debug|Any CPU.ActiveCfg = Debug|Any CPU
		{4DB945DA-9186-4F45-66E1-FD0523B0F8CD}.Debug|Any CPU.Build.0 = Debug|Any CPU
		{4DB945DA-9186-4F45-66E1-FD0523B0F8CD}.Release|Any CPU.ActiveCfg = Release|Any CPU
		{4DB945DA-9186-4F45-66E1-FD0523B0F8CD}.Release|Any CPU.Build.0 = Release|Any CPU
		{028D7C6E-33A7-F610-C6BF-812E0EE849C9}.Debug|Any CPU.ActiveCfg = Debug|Any CPU
		{028D7C6E-33A7-F610-C6BF-812E0EE849C9}.Debug|Any CPU.Build.0 = Debug|Any CPU
		{028D7C6E-33A7-F610-C6BF-812E0EE849C9}.Release|Any CPU.ActiveCfg = Release|Any CPU
		{028D7C6E-33A7-F610-C6BF-812E0EE849C9}.Release|Any CPU.Build.0 = Release|Any CPU
		{A5DA5ECD-7578-AA83-6770-EA2896A880B8}.Debug|Any CPU.ActiveCfg = Debug|Any CPU
		{A5DA5ECD-7578-AA83-6770-EA2896A880B8}.Debug|Any CPU.Build.0 = Debug|Any CPU
		{A5DA5ECD-7578-AA83-6770-EA2896A880B8}.Release|Any CPU.ActiveCfg = Release|Any CPU
		{A5DA5ECD-7578-AA83-6770-EA2896A880B8}.Release|Any CPU.Build.0 = Release|Any CPU
	EndGlobalSection
	GlobalSection(SolutionProperties) = preSolution
		HideSolutionNode = FALSE
	EndGlobalSection
EndGlobal
